# This file is automatically @generated by Cargo.
# It is not intended for manual editing.
version = 4

[[package]]
name = "arkhe-sh"
version = "0.1.0"

[[package]]
name = "arklib"
version = "0.1.0"

[[package]]
name = "bindu"
version = "0.1.0"

[[package]]
name = "checkpoint"
version = "0.1.0"

[[package]]
name = "kernel"
version = "0.1.0"

[[package]]
name = "net"
version = "0.1.0"

[[package]]
name = "nostr"
version = "0.1.0"

[[package]]
name = "orchestrator"
version = "0.1.0"

[[package]]
name = "passport"
version = "0.1.0"

[[package]]
name = "pkg"
version = "0.1.0"

[[package]]
name = "pqc"
version = "0.1.0"

[[package]]
name = "vfs"
version = "0.1.0"
