# This file is automatically @generated by Cargo.
# It is not intended for manual editing.
version = 4

[[package]]
name = "arkhe-cognitive-constitution"
version = "0.1.0"

[[package]]
name = "arkhe-cognitive-memory"
version = "0.1.0"

[[package]]
name = "arkhe-cognitive-meta"
version = "0.1.0"

[[package]]
name = "arkhe-cognitive-reflect"
version = "0.1.0"
